
Microsoft Visual Studio Solution File, Format Version 12.00
# Visual Studio Version 17
VisualStudioVersion = 17.5.33502.453
MinimumVisualStudioVersion = 10.0.40219.1
Project("{FAE04EC0-301F-11D3-BF4B-00C04F79EFBC}") = "MvcMovie", "MvcMovie\MvcMovie.csproj", "{A9976412-1B9E-4476-818C-B82E14CCBFFD}"
EndProject
Global
	GlobalSection(SolutionConfigurationPlatforms) = preSolution
		Debug|Any CPU = Debug|Any CPU
		Release|Any CPU = Release|Any CPU
	EndGlobalSection
	GlobalSection(ProjectConfigurationPlatforms) = postSolution
		{A9976412-1B9E-4476-818C-B82E14CCBFFD}.Debug|Any CPU.ActiveCfg = Debug|Any CPU
		{A9976412-1B9E-4476-818C-B82E14CCBFFD}.Debug|Any CPU.Build.0 = Debug|Any CPU
		{A9976412-1B9E-4476-818C-B82E14CCBFFD}.Release|Any CPU.ActiveCfg = Release|Any CPU
		{A9976412-1B9E-4476-818C-B82E14CCBFFD}.Release|Any CPU.Build.0 = Release|Any CPU
	EndGlobalSection
	GlobalSection(SolutionProperties) = preSolution
		HideSolutionNode = FALSE
	EndGlobalSection
	GlobalSection(ExtensibilityGlobals) = postSolution
		SolutionGuid = {0B08D375-95A0-4380-BA0A-54BB9D532FCE}
	EndGlobalSection
EndGlobal
